
Microsoft Visual Studio Solution File, Format Version 12.00
# Visual Studio Version 16
VisualStudioVersion = 16.0.31624.102
MinimumVisualStudioVersion = 10.0.40219.1
Project("{9A19103F-16F7-4668-BE54-9A1E7A4F7556}") = "08162021batchDemoStore", "08162021batchDemoStore\08162021batchDemoStore.csproj", "{1BBDAED7-9488-4F8A-B008-9DE628E7E984}"
EndProject
Project("{FAE04EC0-301F-11D3-BF4B-00C04F79EFBC}") = "DemoStoreDbContext", "..\DemoStoreDbContext\DemoStoreDbContext.csproj", "{09AE8B0F-3D8D-4A45-B27F-C44DA71CF7B9}"
EndProject
Global
	GlobalSection(SolutionConfigurationPlatforms) = preSolution
		Debug|Any CPU = Debug|Any CPU
		Release|Any CPU = Release|Any CPU
	EndGlobalSection
	GlobalSection(ProjectConfigurationPlatforms) = postSolution
		{1BBDAED7-9488-4F8A-B008-9DE628E7E984}.Debug|Any CPU.ActiveCfg = Debug|Any CPU
		{1BBDAED7-9488-4F8A-B008-9DE628E7E984}.Debug|Any CPU.Build.0 = Debug|Any CPU
		{1BBDAED7-9488-4F8A-B008-9DE628E7E984}.Release|Any CPU.ActiveCfg = Release|Any CPU
		{1BBDAED7-9488-4F8A-B008-9DE628E7E984}.Release|Any CPU.Build.0 = Release|Any CPU
		{09AE8B0F-3D8D-4A45-B27F-C44DA71CF7B9}.Debug|Any CPU.ActiveCfg = Debug|Any CPU
		{09AE8B0F-3D8D-4A45-B27F-C44DA71CF7B9}.Debug|Any CPU.Build.0 = Debug|Any CPU
		{09AE8B0F-3D8D-4A45-B27F-C44DA71CF7B9}.Release|Any CPU.ActiveCfg = Release|Any CPU
		{09AE8B0F-3D8D-4A45-B27F-C44DA71CF7B9}.Release|Any CPU.Build.0 = Release|Any CPU
	EndGlobalSection
	GlobalSection(SolutionProperties) = preSolution
		HideSolutionNode = FALSE
	EndGlobalSection
	GlobalSection(ExtensibilityGlobals) = postSolution
		SolutionGuid = {A09FF304-EDF7-45C3-8909-3C9D21D673A9}
	EndGlobalSection
EndGlobal
